
Microsoft Visual Studio Solution File, Format Version 12.00
# Visual Studio 15
VisualStudioVersion = 15.0.27703.1
MinimumVisualStudioVersion = 10.0.40219.1
Project("{FAE04EC0-301F-11D3-BF4B-00C04F79EFBC}") = "Task1", "Task1\Task1.csproj", "{CD3CF187-70F3-4D99-A694-38DD81040173}"
EndProject
Project("{FAE04EC0-301F-11D3-BF4B-00C04F79EFBC}") = "Task2", "Task2\Task2.csproj", "{275AC57B-AF3D-449D-9E7A-113480C587A7}"
EndProject
Project("{FAE04EC0-301F-11D3-BF4B-00C04F79EFBC}") = "Task3", "Task3\Task3.csproj", "{F8766793-8383-4EB4-9009-84D298BA4963}"
EndProject
Project("{FAE04EC0-301F-11D3-BF4B-00C04F79EFBC}") = "Task4", "Task4\Task4.csproj", "{C0B318F2-5F38-480C-B332-1F9207050820}"
EndProject
Project("{FAE04EC0-301F-11D3-BF4B-00C04F79EFBC}") = "Task5", "Task5\Task5.csproj", "{4FD8BAA1-C456-4679-AA89-156FD593344B}"
EndProject
Global
	GlobalSection(SolutionConfigurationPlatforms) = preSolution
		Debug|Any CPU = Debug|Any CPU
		Release|Any CPU = Release|Any CPU
	EndGlobalSection
	GlobalSection(ProjectConfigurationPlatforms) = postSolution
		{CD3CF187-70F3-4D99-A694-38DD81040173}.Debug|Any CPU.ActiveCfg = Debug|Any CPU
		{CD3CF187-70F3-4D99-A694-38DD81040173}.Debug|Any CPU.Build.0 = Debug|Any CPU
		{CD3CF187-70F3-4D99-A694-38DD81040173}.Release|Any CPU.ActiveCfg = Release|Any CPU
		{CD3CF187-70F3-4D99-A694-38DD81040173}.Release|Any CPU.Build.0 = Release|Any CPU
		{275AC57B-AF3D-449D-9E7A-113480C587A7}.Debug|Any CPU.ActiveCfg = Debug|Any CPU
		{275AC57B-AF3D-449D-9E7A-113480C587A7}.Debug|Any CPU.Build.0 = Debug|Any CPU
		{275AC57B-AF3D-449D-9E7A-113480C587A7}.Release|Any CPU.ActiveCfg = Release|Any CPU
		{275AC57B-AF3D-449D-9E7A-113480C587A7}.Release|Any CPU.Build.0 = Release|Any CPU
		{F8766793-8383-4EB4-9009-84D298BA4963}.Debug|Any CPU.ActiveCfg = Debug|Any CPU
		{F8766793-8383-4EB4-9009-84D298BA4963}.Debug|Any CPU.Build.0 = Debug|Any CPU
		{F8766793-8383-4EB4-9009-84D298BA4963}.Release|Any CPU.ActiveCfg = Release|Any CPU
		{F8766793-8383-4EB4-9009-84D298BA4963}.Release|Any CPU.Build.0 = Release|Any CPU
		{C0B318F2-5F38-480C-B332-1F9207050820}.Debug|Any CPU.ActiveCfg = Debug|Any CPU
		{C0B318F2-5F38-480C-B332-1F9207050820}.Debug|Any CPU.Build.0 = Debug|Any CPU
		{C0B318F2-5F38-480C-B332-1F9207050820}.Release|Any CPU.ActiveCfg = Release|Any CPU
		{C0B318F2-5F38-480C-B332-1F9207050820}.Release|Any CPU.Build.0 = Release|Any CPU
		{4FD8BAA1-C456-4679-AA89-156FD593344B}.Debug|Any CPU.ActiveCfg = Debug|Any CPU
		{4FD8BAA1-C456-4679-AA89-156FD593344B}.Debug|Any CPU.Build.0 = Debug|Any CPU
		{4FD8BAA1-C456-4679-AA89-156FD593344B}.Release|Any CPU.ActiveCfg = Release|Any CPU
		{4FD8BAA1-C456-4679-AA89-156FD593344B}.Release|Any CPU.Build.0 = Release|Any CPU
	EndGlobalSection
	GlobalSection(SolutionProperties) = preSolution
		HideSolutionNode = FALSE
	EndGlobalSection
	GlobalSection(ExtensibilityGlobals) = postSolution
		SolutionGuid = {93CB06DB-5157-4530-9A1D-BCCD0A05F070}
	EndGlobalSection
EndGlobal
